version = 1
revision = 3
requires-python = ">=3.11"

[[package]]
name = "asyncpg"
version = "0.31.0"
source = { registry = "https://pypi.org/simple" }
sdist = { url = "https://files.pythonhosted.org/packages/fe/cc/d18065ce2380d80b1bcce927c24a2642efd38918e33fd724bc4bca904877/asyncpg-0.31.0.tar.gz", hash = "sha256:c989386c83940bfbd787180f2b1519415e2d3d6277a70d9d0f0145ac73500735", size = 993667, upload-time = "2025-11-24T23:27:00.812Z" }
wheels = [
    { url = "https://files.pythonhosted.org/packages/08/17/cc02bc49bc350623d050fa139e34ea512cd6e020562f2a7312a7bcae4bc9/asyncpg-0.31.0-cp311-cp311-macosx_10_9_x86_64.whl", hash = "sha256:eee690960e8ab85063ba93af2ce128c0f52fd655fdff9fdb1a28df01329f031d", size = 643159, upload-time = "2025-11-24T23:25:36.443Z" },
    { url = "https://files.pythonhosted.org/packages/a4/62/4ded7d400a7b651adf06f49ea8f73100cca07c6df012119594d1e3447aa6/asyncpg-0.31.0-cp311-cp311-macosx_11_0_arm64.whl", hash = "sha256:2657204552b75f8288de08ca60faf4a99a65deef3a71d1467454123205a88fab", size = 638157, upload-time = "2025-11-24T23:25:37.89Z" },
    { url = "https://files.pythonhosted.org/packages/d6/5b/4179538a9a72166a0bf60ad783b1ef16efb7960e4d7b9afe9f77a5551680/asyncpg-0.31.0-cp311-cp311-manylinux2014_aarch64.manylinux_2_17_aarch64.manylinux_2_28_aarch64.whl", hash = "sha256:a429e842a3a4b4ea240ea52d7fe3f82d5149853249306f7ff166cb9948faa46c", size = 2918051, upload-time = "2025-11-24T23:25:39.461Z" },
    { url = "https://files.pythonhosted.org/packages/e6/35/c27719ae0536c5b6e61e4701391ffe435ef59539e9360959240d6e47c8c8/asyncpg-0.31.0-cp311-cp311-manylinux2014_x86_64.manylinux_2_17_x86_64.manylinux_2_28_x86_64.whl", hash = "sha256:c0807be46c32c963ae40d329b3a686356e417f674c976c07fa49f1b30303f109", size = 2972640, upload-time = "2025-11-24T23:25:41.512Z" },
    { url = "https://files.pythonhosted.org/packages/43/f4/01ebb9207f29e645a64699b9ce0eefeff8e7a33494e1d29bb53736f7766b/asyncpg-0.31.0-cp311-cp311-musllinux_1_2_aarch64.whl", hash = "sha256:e5d5098f63beeae93512ee513d4c0c53dc12e9aa2b7a1af5a81cddf93fe4e4da", size = 2851050, upload-time = "2025-11-24T23:25:43.153Z" },
    { url = "https://files.pythonhosted.org/packages/3e/f4/03ff1426acc87be0f4e8d40fa2bff5c3952bef0080062af9efc2212e3be8/asyncpg-0.31.0-cp311-cp311-musllinux_1_2_x86_64.whl", hash = "sha256:37fc6c00a814e18eef51833545d1891cac9aa69140598bb076b4cd29b3e010b9", size = 2962574, upload-time = "2025-11-24T23:25:44.942Z" },
    { url = "https://files.pythonhosted.org/packages/c7/39/cc788dfca3d4060f9d93e67be396ceec458dfc429e26139059e58c2c244d/asyncpg-0.31.0-cp311-cp311-win32.whl", hash = "sha256:5a4af56edf82a701aece93190cc4e094d2df7d33f6e915c222fb09efbb5afc24", size = 521076, upload-time = "2025-11-24T23:25:46.486Z" },
    { url = "https://files.pythonhosted.org/packages/28/fc/735af5384c029eb7f1ca60ccb8fa95521dbdaeef788edf4cecfc604c3cab/asyncpg-0.31.0-cp311-cp311-win_amd64.whl", hash = "sha256:480c4befbdf079c14c9ca43c8c5e1fe8b6296c96f1f927158d4f1e750aacc047", size = 584980, upload-time = "2025-11-24T23:25:47.938Z" },
    { url = "https://files.pythonhosted.org/packages/2a/a6/59d0a146e61d20e18db7396583242e32e0f120693b67a8de43f1557033e2/asyncpg-0.31.0-cp312-cp312-macosx_10_13_x86_64.whl", hash = "sha256:b44c31e1efc1c15188ef183f287c728e2046abb1d26af4d20858215d50d91fad", size = 662042, upload-time = "2025-11-24T23:25:49.578Z" },
    { url = "https://files.pythonhosted.org/packages/36/01/ffaa189dcb63a2471720615e60185c3f6327716fdc0fc04334436fbb7c65/asyncpg-0.31.0-cp312-cp312-macosx_11_0_arm64.whl", hash = "sha256:0c89ccf741c067614c9b5fc7f1fc6f3b61ab05ae4aaa966e6fd6b93097c7d20d", size = 638504, upload-time = "2025-11-24T23:25:51.501Z" },
    { url = "https://files.pythonhosted.org/packages/9f/62/3f699ba45d8bd24c5d65392190d19656d74ff0185f42e19d0bbd973bb371/asyncpg-0.31.0-cp312-cp312-manylinux_2_28_aarch64.whl", hash = "sha256:12b3b2e39dc5470abd5e98c8d3373e4b1d1234d9fbdedf538798b2c13c64460a", size = 3426241, upload-time = "2025-11-24T23:25:53.278Z" },
    { url = "https://files.pythonhosted.org/packages/8c/d1/a867c2150f9c6e7af6462637f613ba67f78a314b00db220cd26ff559d532/asyncpg-0.31.0-cp312-cp312-manylinux_2_28_x86_64.whl", hash = "sha256:aad7a33913fb8bcb5454313377cc330fbb19a0cd5faa7272407d8a0c4257b671", size = 3520321, upload-time = "2025-11-24T23:25:54.982Z" },
    { url = "https://files.pythonhosted.org/packages/7a/1a/cce4c3f246805ecd285a3591222a2611141f1669d002163abef999b60f98/asyncpg-0.31.0-cp312-cp312-musllinux_1_2_aarch64.whl", hash = "sha256:3df118d94f46d85b2e434fd62c84cb66d5834d5a890725fe625f498e72e4d5ec", size = 3316685, upload-time = "2025-11-24T23:25:57.43Z" },
    { url = "https://files.pythonhosted.org/packages/40/ae/0fc961179e78cc579e138fad6eb580448ecae64908f95b8cb8ee2f241f67/asyncpg-0.31.0-cp312-cp312-musllinux_1_2_x86_64.whl", hash = "sha256:bd5b6efff3c17c3202d4b37189969acf8927438a238c6257f66be3c426beba20", size = 3471858, upload-time = "2025-11-24T23:25:59.636Z" },
    { url = "https://files.pythonhosted.org/packages/52/b2/b20e09670be031afa4cbfabd645caece7f85ec62d69c312239de568e058e/asyncpg-0.31.0-cp312-cp312-win32.whl", hash = "sha256:027eaa61361ec735926566f995d959ade4796f6a49d3bde17e5134b9964f9ba8", size = 527852, upload-time = "2025-11-24T23:26:01.084Z" },
    { url = "https://files.pythonhosted.org/packages/b5/f0/f2ed1de154e15b107dc692262395b3c17fc34eafe2a78fc2115931561730/asyncpg-0.31.0-cp312-cp312-win_amd64.whl", hash = "sha256:72d6bdcbc93d608a1158f17932de2321f68b1a967a13e014998db87a72ed3186", size = 597175, upload-time = "2025-11-24T23:26:02.564Z" },
    { url = "https://files.pythonhosted.org/packages/95/11/97b5c2af72a5d0b9bc3fa30cd4b9ce22284a9a943a150fdc768763caf035/asyncpg-0.31.0-cp313-cp313-macosx_10_13_x86_64.whl", hash = "sha256:c204fab1b91e08b0f47e90a75d1b3c62174dab21f670ad6c5d0f243a228f015b", size = 661111, upload-time = "2025-11-24T23:26:04.467Z" },
    { url = "https://files.pythonhosted.org/packages/1b/71/157d611c791a5e2d0423f09f027bd499935f0906e0c2a416ce712ba51ef3/asyncpg-0.31.0-cp313-cp313-macosx_11_0_arm64.whl", hash = "sha256:54a64f91839ba59008eccf7aad2e93d6e3de688d796f35803235ea1c4898ae1e", size = 636928, upload-time = "2025-11-24T23:26:05.944Z" },
    { url = "https://files.pythonhosted.org/packages/2e/fc/9e3486fb2bbe69d4a867c0b76d68542650a7ff1574ca40e84c3111bb0c6e/asyncpg-0.31.0-cp313-cp313-manylinux2014_aarch64.manylinux_2_17_aarch64.manylinux_2_28_aarch64.whl", hash = "sha256:c0e0822b1038dc7253b337b0f3f676cadc4ac31b126c5d42691c39691962e403", size = 3424067, upload-time = "2025-11-24T23:26:07.957Z" },
    { url = "https://files.pythonhosted.org/packages/12/c6/8c9d076f73f07f995013c791e018a1cd5f31823c2a3187fc8581706aa00f/asyncpg-0.31.0-cp313-cp313-manylinux2014_x86_64.manylinux_2_17_x86_64.manylinux_2_28_x86_64.whl", hash = "sha256:bef056aa502ee34204c161c72ca1f3c274917596877f825968368b2c33f585f4", size = 3518156, upload-time = "2025-11-24T23:26:09.591Z" },
    { url = "https://files.pythonhosted.org/packages/ae/3b/60683a0baf50fbc546499cfb53132cb6835b92b529a05f6a81471ab60d0c/asyncpg-0.31.0-cp313-cp313-musllinux_1_2_aarch64.whl", hash = "sha256:0bfbcc5b7ffcd9b75ab1558f00db2ae07db9c80637ad1b2469c43df79d7a5ae2", size = 3319636, upload-time = "2025-11-24T23:26:11.168Z" },
    { url = "https://files.pythonhosted.org/packages/50/dc/8487df0f69bd398a61e1792b3cba0e47477f214eff085ba0efa7eac9ce87/asyncpg-0.31.0-cp313-cp313-musllinux_1_2_x86_64.whl", hash = "sha256:22bc525ebbdc24d1261ecbf6f504998244d4e3be1721784b5f64664d61fbe602", size = 3472079, upload-time = "2025-11-24T23:26:13.164Z" },
    { url = "https://files.pythonhosted.org/packages/13/a1/c5bbeeb8531c05c89135cb8b28575ac2fac618bcb60119ee9696c3faf71c/asyncpg-0.31.0-cp313-cp313-win32.whl", hash = "sha256:f890de5e1e4f7e14023619399a471ce4b71f5418cd67a51853b9910fdfa73696", size = 527606, upload-time = "2025-11-24T23:26:14.78Z" },
    { url = "https://files.pythonhosted.org/packages/91/66/b25ccb84a246b470eb943b0107c07edcae51804912b824054b3413995a10/asyncpg-0.31.0-cp313-cp313-win_amd64.whl", hash = "sha256:dc5f2fa9916f292e5c5c8b2ac2813763bcd7f58e130055b4ad8a0531314201ab", size = 596569, upload-time = "2025-11-24T23:26:16.189Z" },
    { url = "https://files.pythonhosted.org/packages/3c/36/e9450d62e84a13aea6580c83a47a437f26c7ca6fa0f0fd40b6670793ea30/asyncpg-0.31.0-cp314-cp314-macosx_10_15_x86_64.whl", hash = "sha256:f6b56b91bb0ffc328c4e3ed113136cddd9deefdf5f79ab448598b9772831df44", size = 660867, upload-time = "2025-11-24T23:26:17.631Z" },
    { url = "https://files.pythonhosted.org/packages/82/4b/1d0a2b33b3102d210439338e1beea616a6122267c0df459ff0265cd5807a/asyncpg-0.31.0-cp314-cp314-macosx_11_0_arm64.whl", hash = "sha256:334dec28cf20d7f5bb9e45b39546ddf247f8042a690bff9b9573d00086e69cb5", size = 638349, upload-time = "2025-11-24T23:26:19.689Z" },
    { url = "https://files.pythonhosted.org/packages/41/aa/e7f7ac9a7974f08eff9183e392b2d62516f90412686532d27e196c0f0eeb/asyncpg-0.31.0-cp314-cp314-manylinux2014_aarch64.manylinux_2_17_aarch64.manylinux_2_28_aarch64.whl", hash = "sha256:98cc158c53f46de7bb677fd20c417e264fc02b36d901cc2a43bd6cb0dc6dbfd2", size = 3410428, upload-time = "2025-11-24T23:26:21.275Z" },
    { url = "https://files.pythonhosted.org/packages/6f/de/bf1b60de3dede5c2731e6788617a512bc0ebd9693eac297ee74086f101d7/asyncpg-0.31.0-cp314-cp314-manylinux2014_x86_64.manylinux_2_17_x86_64.manylinux_2_28_x86_64.whl", hash = "sha256:9322b563e2661a52e3cdbc93eed3be7748b289f792e0011cb2720d278b366ce2", size = 3471678, upload-time = "2025-11-24T23:26:23.627Z" },
    { url = "https://files.pythonhosted.org/packages/46/78/fc3ade003e22d8bd53aaf8f75f4be48f0b460fa73738f0391b9c856a9147/asyncpg-0.31.0-cp314-cp314-musllinux_1_2_aarch64.whl", hash = "sha256:19857a358fc811d82227449b7ca40afb46e75b33eb8897240c3839dd8b744218", size = 3313505, upload-time = "2025-11-24T23:26:25.235Z" },
    { url = "https://files.pythonhosted.org/packages/bf/e9/73eb8a6789e927816f4705291be21f2225687bfa97321e40cd23055e903a/asyncpg-0.31.0-cp314-cp314-musllinux_1_2_x86_64.whl", hash = "sha256:ba5f8886e850882ff2c2ace5732300e99193823e8107e2c53ef01c1ebfa1e85d", size = 3434744, upload-time = "2025-11-24T23:26:26.944Z" },
    { url = "https://files.pythonhosted.org/packages/08/4b/f10b880534413c65c5b5862f79b8e81553a8f364e5238832ad4c0af71b7f/asyncpg-0.31.0-cp314-cp314-win32.whl", hash = "sha256:cea3a0b2a14f95834cee29432e4ddc399b95700eb1d51bbc5bfee8f31fa07b2b", size = 532251, upload-time = "2025-11-24T23:26:28.404Z" },
    { url = "https://files.pythonhosted.org/packages/d3/2d/7aa40750b7a19efa5d66e67fc06008ca0f27ba1bd082e457ad82f59aba49/asyncpg-0.31.0-cp314-cp314-win_amd64.whl", hash = "sha256:04d19392716af6b029411a0264d92093b6e5e8285ae97a39957b9a9c14ea72be", size = 604901, upload-time = "2025-11-24T23:26:30.34Z" },
    { url = "https://files.pythonhosted.org/packages/ce/fe/b9dfe349b83b9dee28cc42360d2c86b2cdce4cb551a2c2d27e156bcac84d/asyncpg-0.31.0-cp314-cp314t-macosx_10_15_x86_64.whl", hash = "sha256:bdb957706da132e982cc6856bb2f7b740603472b54c3ebc77fe60ea3e57e1bd2", size = 702280, upload-time = "2025-11-24T23:26:32Z" },
    { url = "https://files.pythonhosted.org/packages/6a/81/e6be6e37e560bd91e6c23ea8a6138a04fd057b08cf63d3c5055c98e81c1d/asyncpg-0.31.0-cp314-cp314t-macosx_11_0_arm64.whl", hash = "sha256:6d11b198111a72f47154fa03b85799f9be63701e068b43f84ac25da0bda9cb31", size = 682931, upload-time = "2025-11-24T23:26:33.572Z" },
    { url = "https://files.pythonhosted.org/packages/a6/45/6009040da85a1648dd5bc75b3b0a062081c483e75a1a29041ae63a0bf0dc/asyncpg-0.31.0-cp314-cp314t-manylinux2014_aarch64.manylinux_2_17_aarch64.manylinux_2_28_aarch64.whl", hash = "sha256:18c83b03bc0d1b23e6230f5bf8d4f217dc9bc08644ce0502a9d91dc9e634a9c7", size = 3581608, upload-time = "2025-11-24T23:26:35.638Z" },
    { url = "https://files.pythonhosted.org/packages/7e/06/2e3d4d7608b0b2b3adbee0d0bd6a2d29ca0fc4d8a78f8277df04e2d1fd7b/asyncpg-0.31.0-cp314-cp314t-manylinux2014_x86_64.manylinux_2_17_x86_64.manylinux_2_28_x86_64.whl", hash = "sha256:e009abc333464ff18b8f6fd146addffd9aaf63e79aa3bb40ab7a4c332d0c5e9e", size = 3498738, upload-time = "2025-11-24T23:26:37.275Z" },
    { url = "https://files.pythonhosted.org/packages/7d/aa/7d75ede780033141c51d83577ea23236ba7d3a23593929b32b49db8ed36e/asyncpg-0.31.0-cp314-cp314t-musllinux_1_2_aarch64.whl", hash = "sha256:3b1fbcb0e396a5ca435a8826a87e5c2c2cc0c8c68eb6fadf82168056b0e53a8c", size = 3401026, upload-time = "2025-11-24T23:26:39.423Z" },
    { url = "https://files.pythonhosted.org/packages/ba/7a/15e37d45e7f7c94facc1e9148c0e455e8f33c08f0b8a0b1deb2c5171771b/asyncpg-0.31.0-cp314-cp314t-musllinux_1_2_x86_64.whl", hash = "sha256:8df714dba348efcc162d2adf02d213e5fab1bd9f557e1305633e851a61814a7a", size = 3429426, upload-time = "2025-11-24T23:26:41.032Z" },
    { url = "https://files.pythonhosted.org/packages/13/d5/71437c5f6ae5f307828710efbe62163974e71237d5d46ebd2869ea052d10/asyncpg-0.31.0-cp314-cp314t-win32.whl", hash = "sha256:1b41f1afb1033f2b44f3234993b15096ddc9cd71b21a42dbd87fc6a57b43d65d", size = 614495, upload-time = "2025-11-24T23:26:42.659Z" },
    { url = "https://files.pythonhosted.org/packages/3c/d7/8fb3044eaef08a310acfe23dae9a8e2e07d305edc29a53497e52bc76eca7/asyncpg-0.31.0-cp314-cp314t-win_amd64.whl", hash = "sha256:bd4107bb7cdd0e9e65fae66a62afd3a249663b844fa34d479f6d5b3bef9c04c3", size = 706062, upload-time = "2025-11-24T23:26:44.086Z" },
]

[[package]]
name = "colorama"
version = "0.4.6"
source = { registry = "https://pypi.org/simple" }
sdist = { url = "https://files.pythonhosted.org/packages/d8/53/6f443c9a4a8358a93a6792e2acffb9d9d5cb0a5cfd8802644b7b1c9a02e4/colorama-0.4.6.tar.gz", hash = "sha256:08695f5cb7ed6e0531a20572697297273c47b8cae5a63ffc6d6ed5c201be6e44", size = 27697, upload-time = "2022-10-25T02:36:22.414Z" }
wheels = [
    { url = "https://files.pythonhosted.org/packages/d1/d6/3965ed04c63042e047cb6a3e6ed1a63a35087b6a609aa3a15ed8ac56c221/colorama-0.4.6-py2.py3-none-any.whl", hash = "sha256:4f1d9991f5acc0ca119f9d443620b77f9d6b33703e51011c16baf57afb285fc6", size = 25335, upload-time = "2022-10-25T02:36:20.889Z" },
]

[[package]]
name = "deadband"
version = "0.1.0"
source = { editable = "." }
dependencies = [
    { name = "asyncpg" },
]

[package.optional-dependencies]
dev = [
    { name = "hypothesis" },
    { name = "pytest" },
    { name = "pytest-asyncio" },
    { name = "ruff" },
]

[package.metadata]
requires-dist = [
    { name = "asyncpg", specifier = ">=0.30" },
    { name = "hypothesis", marker = "extra == 'dev'", specifier = ">=6.100" },
    { name = "pytest", marker = "extra == 'dev'", specifier = ">=8.0" },
    { name = "pytest-asyncio", marker = "extra == 'dev'", specifier = ">=0.24" },
    { name = "ruff", marker = "extra == 'dev'", specifier = ">=0.6" },
]
provides-extras = ["dev"]

[[package]]
name = "hypothesis"
version = "6.165.1"
source = { registry = "https://pypi.org/simple" }
dependencies = [
    { name = "sortedcontainers" },
]
sdist = { url = "https://files.pythonhosted.org/packages/29/ba/6a79ef3edd4d32f011267ba709393ba0bb018751fe019032f9b63a3a29fc/hypothesis-6.165.1.tar.gz", hash = "sha256:0fe3ae25bd0b0938d8681eacaa8ebc981761f1387db7bef609b22cfdec848dc2", size = 496225, upload-time = "2026-08-04T21:02:05.394Z" }
wheels = [
    { url = "https://files.pythonhosted.org/packages/c0/24/ad0c5136b1d82b6955f79edbc39f7092dced8c09e9b08aec5a3ec02c02b5/hypothesis-6.165.1-cp310-abi3-macosx_10_12_x86_64.whl", hash = "sha256:1a5640b5e52211e6a876a53af28ec292b984bb02a57be1e39fac38f2f28c6921", size = 775946, upload-time = "2026-08-04T21:00:47.014Z" },
    { url = "https://files.pythonhosted.org/packages/67/4f/c6dc9b300c2da163cc20d857f87e5d7f21240d99f071d1da3c27ac3d6269/hypothesis-6.165.1-cp310-abi3-macosx_11_0_arm64.whl", hash = "sha256:49c385fefc6d43c1f94792718d0f6bdb3dec894239d1118cfcceb48a4eaa495c", size = 771443, upload-time = "2026-08-04T21:00:35.334Z" },
    { url = "https://files.pythonhosted.org/packages/b7/9a/8e9ecb2d0d1608e64cadca9297654c07fecbef8d66a9dce5d26db02bdf19/hypothesis-6.165.1-cp310-abi3-manylinux_2_17_aarch64.manylinux2014_aarch64.whl", hash = "sha256:559f37d914f2a7c5d2b28b3ef7282814992082c1492343fed644244d984208ce", size = 1100733, upload-time = "2026-08-04T21:01:07.771Z" },
    { url = "https://files.pythonhosted.org/packages/d4/9c/68d9378aa849c3495d81630caabd2a6c99a4cbaee1290f2588ab050c1786/hypothesis-6.165.1-cp310-abi3-manylinux_2_17_armv7l.manylinux2014_armv7l.whl", hash = "sha256:0447adc4168062fb58d1dbaa51031eaa991d39293dd6c70ec5818249b9636eca", size = 1129326, upload-time = "2026-08-04T21:01:03.82Z" },
    { url = "https://files.pythonhosted.org/packages/a0/d4/97fcc4d2fc69c71856cc4b7ff8f85d00d0cdc9218e8272630e52a83e8cae/hypothesis-6.165.1-cp310-abi3-manylinux_2_17_x86_64.manylinux2014_x86_64.whl", hash = "sha256:829a45c5459f7070277ac0fb0e7b052a7d9bdc2f54a546bfc34279213b6fa858", size = 1150180, upload-time = "2026-08-04T21:00:42.104Z" },
    { url = "https://files.pythonhosted.org/packages/1b/1f/451f6ab6d0a19d9b0dae2cc8bf6f385321838aab0c99675117900b494d44/hypothesis-6.165.1-cp310-abi3-manylinux_2_31_riscv64.whl", hash = "sha256:5b6ef453c54059493b1fbe3a281c5884e3a53f58bb65cac2c2af41c88437b5f1", size = 1105562, upload-time = "2026-08-04T21:01:05.613Z" },
    { url = "https://files.pythonhosted.org/packages/57/b2/2ca31fd5262addcff75eaa936d2a5883fac72affcfa3aa4d30e6af05a688/hypothesis-6.165.1-cp310-abi3-manylinux_2_5_i686.manylinux1_i686.whl", hash = "sha256:6e12d8c8dca8fc6a16c25929370967450c062f1b75c74ce5bd881f82ce0aff6e", size = 1142296, upload-time = "2026-08-04T21:01:28.47Z" },
    { url = "https://files.pythonhosted.org/packages/14/90/87fd3644fcd27d3b29f3786c53e6d518c1524e07859effd1e664293fc14b/hypothesis-6.165.1-cp310-abi3-musllinux_1_2_aarch64.whl", hash = "sha256:653c596f6dd6fe5f4bdaf2618b8a4806540f1fa44749ec76d6788dc5e701616a", size = 1274544, upload-time = "2026-08-04T21:00:53.554Z" },
    { url = "https://files.pythonhosted.org/packages/06/13/4b5cbbd5a2c5c376e84832853926c2b16dd258cde6c29799fc7575cc36c6/hypothesis-6.165.1-cp310-abi3-musllinux_1_2_armv7l.whl", hash = "sha256:bdb85f80e55d9a0dd922225922b432d4dffe62d38d936e5312dd83b677570c0f", size = 1402353, upload-time = "2026-08-04T21:01:40.308Z" },
    { url = "https://files.pythonhosted.org/packages/2c/de/2ee85a3b3156d2f81ac03616ec57abd02871b84cc42caa4f213143209e20/hypothesis-6.165.1-cp310-abi3-musllinux_1_2_riscv64.whl", hash = "sha256:a6751413ce069adc995292e9220b99716c0b908c141e89c49885e15dfad8ca13", size = 1275154, upload-time = "2026-08-04T21:01:09.572Z" },
    { url = "https://files.pythonhosted.org/packages/2a/96/18bf5d2ffd00b33a7dd98fdf6129fb7e021a235447e63b8ce47cc6e7b535/hypothesis-6.165.1-cp310-abi3-musllinux_1_2_x86_64.whl", hash = "sha256:ac26ad69d2d1871bdb6ac6d2be7bce5b03fef376724f50ade5419248d989ba14", size = 1317213, upload-time = "2026-08-04T21:01:54.815Z" },
    { url = "https://files.pythonhosted.org/packages/2f/f9/a24c2eefb7f76bf1ba0c650acc67a542a5df71ee824c3979f389394e2c22/hypothesis-6.165.1-cp310-abi3-win32.whl", hash = "sha256:24a14ec42347ccd8f9153cc6486b32bf402afc0187d80e6a268a94b1468a72ce", size = 661724, upload-time = "2026-08-04T21:01:13.09Z" },
    { url = "https://files.pythonhosted.org/packages/b6/15/b6e98c68799f381123c872ca3493f1eb400b0e28550be938d1d3d63743c2/hypothesis-6.165.1-cp310-abi3-win_amd64.whl", hash = "sha256:d30337baadfdaccf0ad6d70fe135201722f67f7522584b2a7494cfd7e03798a6", size = 667859, upload-time = "2026-08-04T21:01:11.382Z" },
    { url = "https://files.pythonhosted.org/packages/50/34/6cc747835aebec9d481b908c762bf552beec2ae7b95d1db3de40a66ef120/hypothesis-6.165.1-cp311-cp311-macosx_10_12_x86_64.whl", hash = "sha256:2dac5c816124efec59dcb8117a4a521e0647faad1041c5280d0009304145ad79", size = 776390, upload-time = "2026-08-04T21:00:55.428Z" },
    { url = "https://files.pythonhosted.org/packages/65/da/98025b789cc9ed7e1136176b3528029ee0c758733cfedc8963f6671e4c7b/hypothesis-6.165.1-cp311-cp311-macosx_11_0_arm64.whl", hash = "sha256:f2d3bf3b4035271024f215ae592b4adeaf5c95569b8a64362f358e6c2fa1fe83", size = 772175, upload-time = "2026-08-04T21:00:20.007Z" },
    { url = "https://files.pythonhosted.org/packages/df/47/4689ddf832a43bcb2fff4045aa37ba3eb5387ede2648488d010d61fc0cdc/hypothesis-6.165.1-cp311-cp311-manylinux_2_17_aarch64.manylinux2014_aarch64.whl", hash = "sha256:52a23badd21024ea3e4767121ed47309a349171e0614ce0069037d891e68a0f9", size = 1101069, upload-time = "2026-08-04T21:00:32.251Z" },
    { url = "https://files.pythonhosted.org/packages/ee/25/b71cac1cc16d633c4b8da876a078d55e1e6b2702acbbc701492390c01cfc/hypothesis-6.165.1-cp311-cp311-manylinux_2_17_x86_64.manylinux2014_x86_64.whl", hash = "sha256:f57a7340e2cfbb0143b9d1cbe982d663560f0eef39e6aa99c6a711f29c072c27", size = 1150514, upload-time = "2026-08-04T21:01:52.536Z" },
    { url = "https://files.pythonhosted.org/packages/7b/c3/525a172b253c7731df33077a2100c270ca4cc257660b6c8b0a5910cb079c/hypothesis-6.165.1-cp311-cp311-musllinux_1_2_aarch64.whl", hash = "sha256:5b06157aca825440da903616abce01fea604342f7516ed8fdd3065ad25f84068", size = 1274890, upload-time = "2026-08-04T21:01:00.579Z" },
    { url = "https://files.pythonhosted.org/packages/d1/c5/905b236db69d8923b3f1821cadfdab6494177bd7e37318f4410756b0d82a/hypothesis-6.165.1-cp311-cp311-musllinux_1_2_x86_64.whl", hash = "sha256:7b5165e043efffbbcabb8ee3fea05e93a05e670cfe03fda46321b2772f6c2d9b", size = 1317486, upload-time = "2026-08-04T21:01:58.519Z" },
    { url = "https://files.pythonhosted.org/packages/f2/8d/4d226b095da3e1b99d7e5d3621f3f964f2a7b5bfbbb82126992a8f6e799b/hypothesis-6.165.1-cp311-cp311-win_amd64.whl", hash = "sha256:9763c1cb9dd6b9a1ab395481d4067b2e8a3b148a97e599b419788e8775106b54", size = 667598, upload-time = "2026-08-04T21:01:34.042Z" },
    { url = "https://files.pythonhosted.org/packages/30/48/7a8de755d9b9cab7caa9ef9051ffa2a5a21f7b20f813c902b0123952ed33/hypothesis-6.165.1-cp312-cp312-macosx_10_12_x86_64.whl", hash = "sha256:53b3d1e8ed9140994955f7bf27c185d45a475dc9d4bc95c69e7bd48b5c3c426f", size = 777509, upload-time = "2026-08-04T21:01:14.907Z" },
    { url = "https://files.pythonhosted.org/packages/54/2b/97224357923b13c3dd84ebbcd39bd414368543306e60b72b72deb0743f4a/hypothesis-6.165.1-cp312-cp312-macosx_11_0_arm64.whl", hash = "sha256:8f4b0e0664e058fdf1637d1ca9d984e5286372ad58b70222195dc535a771c4bd", size = 769074, upload-time = "2026-08-04T21:00:48.553Z" },
    { url = "https://files.pythonhosted.org/packages/e4/f4/e00e850e4e3b1d25b2b7b6528b8fc0dd3ce5c5989cdb4863b6b9cd814b06/hypothesis-6.165.1-cp312-cp312-manylinux_2_17_aarch64.manylinux2014_aarch64.whl", hash = "sha256:616df752e3b2f8db6e463a86ad42942024094050adf4406bda4543b6b91333c3", size = 1099519, upload-time = "2026-08-04T21:00:38.915Z" },
    { url = "https://files.pythonhosted.org/packages/59/cb/24498d5b5a0d73c780a31d9b2269ff032cdacb772a986f8fb52444aa3dae/hypothesis-6.165.1-cp312-cp312-manylinux_2_17_x86_64.manylinux2014_x86_64.whl", hash = "sha256:38a67b9f6807dade978d293be183c7487968a9c3c9a656c33effd75ddc8405f8", size = 1149568, upload-time = "2026-08-04T21:00:45.151Z" },
    { url = "https://files.pythonhosted.org/packages/dd/5b/7da5727dbdf8d72a223270c97b0ab385dd24e9211539f98ed92aefd73adc/hypothesis-6.165.1-cp312-cp312-musllinux_1_2_aarch64.whl", hash = "sha256:62e1022d7eb78819e7256ed169ddbee5c19aaa0cacd5b9f30d30bb0f5d8c9ac2", size = 1272333, upload-time = "2026-08-04T21:00:17.665Z" },
    { url = "https://files.pythonhosted.org/packages/55/3c/008ecb11ef2fa92f5c70c2a657c6c780a952f5a910f985ea886cff2f3e2a/hypothesis-6.165.1-cp312-cp312-musllinux_1_2_x86_64.whl", hash = "sha256:c8cd6fd2336d318a7aa42c492ffb2996a91dd050a27e732226a6a570bfc08725", size = 1316542, upload-time = "2026-08-04T21:00:57.156Z" },
    { url = "https://files.pythonhosted.org/packages/08/85/ee8ea059d01971fd7c0d9498911eac5b94ef6678a39575eebe37fdf2d49b/hypothesis-6.165.1-cp312-cp312-win_amd64.whl", hash = "sha256:16b63ec033a0dceb6e00da6cc5d49bb38803c6825ca68f52604e424a2e3682ed", size = 665024, upload-time = "2026-08-04T21:01:50.588Z" },
    { url = "https://files.pythonhosted.org/packages/58/ae/6154945a7603e305273f98fc10bc3364a6e67d347ff810e02f864a7b7843/hypothesis-6.165.1-cp313-cp313-macosx_10_12_x86_64.whl", hash = "sha256:57c235a348b544455e13300e6cf11e0bf3eea4b692331beb42854edc8e661045", size = 777400, upload-time = "2026-08-04T21:01:48.265Z" },
    { url = "https://files.pythonhosted.org/packages/b7/75/3817a4878664895e2f9c5518aa4918366db5bc2521a6498e480a6ada1b1c/hypothesis-6.165.1-cp313-cp313-macosx_11_0_arm64.whl", hash = "sha256:28b1aae4f2cf6cb99d34b1979d06d21f36ef771afb42418c9243da145e36e09a", size = 769040, upload-time = "2026-08-04T21:00:50.295Z" },
    { url = "https://files.pythonhosted.org/packages/e3/12/34d55b84b761448f76a493e1d71ce1ceb0529a92db013635e74dbbd64030/hypothesis-6.165.1-cp313-cp313-manylinux_2_17_aarch64.manylinux2014_aarch64.whl", hash = "sha256:33fb3293d3b7a56749b34ac64012540bec5c4d2ca701fa47a88cbc88846d1228", size = 1099438, upload-time = "2026-08-04T21:00:37.215Z" },
    { url = "https://files.pythonhosted.org/packages/1c/23/cf88d3ec0521089258000ff17d3a6bd13c78c2efcfaaece9af06e5b0f2d5/hypothesis-6.165.1-cp313-cp313-manylinux_2_17_x86_64.manylinux2014_x86_64.whl", hash = "sha256:9ca1f560b9b0a9b000619d199748994eb8703915bbaf60a5377feaf296f7514f", size = 1149379, upload-time = "2026-08-04T21:01:22.695Z" },
    { url = "https://files.pythonhosted.org/packages/75/d7/cd397baad6a559cc60c3479e4e70013aafe631f29df74e14a29efaf58572/hypothesis-6.165.1-cp313-cp313-musllinux_1_2_aarch64.whl", hash = "sha256:d48b5f390601129fd70bed088883ca80a4cefaf515a85af21c5a4bce35e207a8", size = 1272381, upload-time = "2026-08-04T21:00:21.434Z" },
    { url = "https://files.pythonhosted.org/packages/ae/11/3bb75e5517823ff41220b35862e0af353b183941ff63019e3db8203083a8/hypothesis-6.165.1-cp313-cp313-musllinux_1_2_x86_64.whl", hash = "sha256:d10c79518af6da3fe64107a47dd8c2cc1094b92245976c5b38c0004222d2dd54", size = 1316256, upload-time = "2026-08-04T21:01:32.206Z" },
    { url = "https://files.pythonhosted.org/packages/54/d5/eda5cc31ac6c56a238ae5b341737c812fbc1fb84e93ad47088da96f4a953/hypothesis-6.165.1-cp313-cp313-win_amd64.whl", hash = "sha256:55ed0599c5e5fdf7ada0b48ee1de05f314bcf6f01e49ad92a786da3d169c9d1c", size = 665035, upload-time = "2026-08-04T21:00:24.428Z" },
    { url = "https://files.pythonhosted.org/packages/c7/c5/d7c53d4e6a76f2d27a2179e9ea80ebcc76dcc151e17fa4df07efb943c7ae/hypothesis-6.165.1-cp314-cp314-macosx_10_12_x86_64.whl", hash = "sha256:99c0b348dd0090418ecac8e3f072e7db8f3d4d745b80ed29cb7e6413eba578d5", size = 777613, upload-time = "2026-08-04T21:01:46.361Z" },
    { url = "https://files.pythonhosted.org/packages/7f/ad/d1854bb869e840c0406a271a5f9e82377900317aad38c51a05d31f783df6/hypothesis-6.165.1-cp314-cp314-macosx_11_0_arm64.whl", hash = "sha256:d37ca9b20de6413e931280fce4428cf49ed769dc421d80b4ecce2b2e47266eae", size = 769175, upload-time = "2026-08-04T21:01:18.729Z" },
    { url = "https://files.pythonhosted.org/packages/fd/5b/eecf6b1ad0d41007f88a3347be19e83fb04d53dffcc7c372e20b509bc366/hypothesis-6.165.1-cp314-cp314-manylinux_2_17_aarch64.manylinux2014_aarch64.whl", hash = "sha256:c2dbf82a127e4a598745e6708535dab8e5dafbe498664b6dfaf451f305a8b3fc", size = 1099937, upload-time = "2026-08-04T21:00:27.566Z" },
    { url = "https://files.pythonhosted.org/packages/55/9b/c58c4910cf6766857a7dd31da294f32b26d03e94d05b225c0dcc83fb41b9/hypothesis-6.165.1-cp314-cp314-manylinux_2_17_x86_64.manylinux2014_x86_64.whl", hash = "sha256:6b60824e0a15dd712d0ac93940029cdc79f5a10f1e9289ec0a82bddd8d43a3c4", size = 1149618, upload-time = "2026-08-04T21:00:12.05Z" },
    { url = "https://files.pythonhosted.org/packages/fe/54/34b0228ab9949bd8b198076a779f7114e241b87ff1ae9d32556d7dc3c397/hypothesis-6.165.1-cp314-cp314-musllinux_1_2_aarch64.whl", hash = "sha256:811bb434b1b8593f377daa73acd1e52bcc9cc556dc0cc947ca50e67d0a8dbdb2", size = 1272714, upload-time = "2026-08-04T21:02:03.503Z" },
    { url = "https://files.pythonhosted.org/packages/fd/73/a7895444c85d834ae9bf3ca4190f4a0b07a307735ada504477aee98a2408/hypothesis-6.165.1-cp314-cp314-musllinux_1_2_x86_64.whl", hash = "sha256:5e01cce4e2f7aac0e5d9be41d4920bfeb6f8dda9289f12b64dff32734f421837", size = 1316542, upload-time = "2026-08-04T21:02:00.69Z" },
    { url = "https://files.pythonhosted.org/packages/49/98/4777c98b9fa75b9f0422ebfed218e27167c00c6d56b3336bb6b5d9e22952/hypothesis-6.165.1-cp314-cp314-pyemscripten_2026_0_wasm32.whl", hash = "sha256:849963a2c45ce04ceb1fb32ae5121bb0b70e515e86f8e7d752330f24d5361b06", size = 609126, upload-time = "2026-08-04T21:00:58.736Z" },
    { url = "https://files.pythonhosted.org/packages/ce/4f/98603203f2e7838c180bd2b3bd32c07aecc02d62ce46d040cba4d1b892e9/hypothesis-6.165.1-cp314-cp314-win_amd64.whl", hash = "sha256:6bb8b5899151b35b4453face837536430c3835aabb71431b60ef26f4281a386e", size = 664903, upload-time = "2026-08-04T21:00:43.606Z" },
    { url = "https://files.pythonhosted.org/packages/22/56/22bdc2f83c1457398f996ca11fe3b346cd3852f8efe9517ac841ef86a076/hypothesis-6.165.1-cp314-cp314t-macosx_10_12_x86_64.whl", hash = "sha256:cf7557e571a36809bee6979c9457a3e00d63f4c771b64985f610cdb74223b3be", size = 776196, upload-time = "2026-08-04T21:01:30.284Z" },
    { url = "https://files.pythonhosted.org/packages/77/db/8767634d5ea1c15f35866fcddcf28243491369f7c76fab7be3b1aa4982ce/hypothesis-6.165.1-cp314-cp314t-macosx_11_0_arm64.whl", hash = "sha256:d2ad504983c3d65c96e8ea5f29bb43fe1c6ff5e7446e2a01a1c5882e1f31ec3a", size = 767642, upload-time = "2026-08-04T21:01:38.26Z" },
    { url = "https://files.pythonhosted.org/packages/46/26/4c6219cf21dea687944a1ca2923fbb2e425efe451dedd2949df31bcc5581/hypothesis-6.165.1-cp314-cp314t-manylinux_2_17_aarch64.manylinux2014_aarch64.whl", hash = "sha256:208ceb4bdbb0b1f399926c0fac4d69f03059bd530edefa43e35e3e010b97d3be", size = 1098532, upload-time = "2026-08-04T21:01:36.4Z" },
    { url = "https://files.pythonhosted.org/packages/37/76/008d7d746d24a2dd4eaf4f2baa8b8b93e54a5790b11ad1d331c979ef5230/hypothesis-6.165.1-cp314-cp314t-manylinux_2_17_x86_64.manylinux2014_x86_64.whl", hash = "sha256:79af38746023247c93fda5dfa56dbaafe11ce1553ba3fd7f10c7868cbc077d62", size = 1148486, upload-time = "2026-08-04T21:00:29.117Z" },
    { url = "https://files.pythonhosted.org/packages/bc/fd/85daad6555629f740b1abc810efa23b7fed2405688d2ca90954bcb1c6c94/hypothesis-6.165.1-cp314-cp314t-musllinux_1_2_aarch64.whl", hash = "sha256:a17b70c578e0d30608020502539c213405bd4f93e36804bed43214892e846c6b", size = 1270952, upload-time = "2026-08-04T21:00:33.798Z" },
    { url = "https://files.pythonhosted.org/packages/49/27/e998674ef659d990c3b65508d72d0dafc3b62a665f20fefeb791cf06bf2b/hypothesis-6.165.1-cp314-cp314t-musllinux_1_2_x86_64.whl", hash = "sha256:f3519acd1eb46ad6820f83daab301ef9429317976fc331d4878281808439d8e4", size = 1315358, upload-time = "2026-08-04T21:01:42.435Z" },
    { url = "https://files.pythonhosted.org/packages/4e/78/503f043020ee95697bf829dd118d8b77509254f524b74d1644c3f4bfe9f3/hypothesis-6.165.1-cp314-cp314t-win_amd64.whl", hash = "sha256:b5bd8e3b54f95a53d31da0e020e7bf57aa2cdce91babf5f84cd4b069cf4f2962", size = 665043, upload-time = "2026-08-04T21:01:16.916Z" },
    { url = "https://files.pythonhosted.org/packages/0e/ee/2e7f3b4fd174adb198f4ea458b4b9365ec5f17ba7df0faed2359935aa8c1/hypothesis-6.165.1-pp311-pypy311_pp73-macosx_10_12_x86_64.whl", hash = "sha256:1b1d2311e279c2b2d4770f7f48399e5b9e0a1ca7b496a67e455a1c814a5cb2f5", size = 777317, upload-time = "2026-08-04T21:01:44.301Z" },
    { url = "https://files.pythonhosted.org/packages/67/84/e16eeffe05ad10b4d1e1374bfc2d343c832ef5133b377896c4a1bd852ab0/hypothesis-6.165.1-pp311-pypy311_pp73-macosx_11_0_arm64.whl", hash = "sha256:63d1b0903cfe1eb44a6ed080b1bf553819b48aa51059e0bed862ab6289d4ca7e", size = 773170, upload-time = "2026-08-04T21:01:24.807Z" },
    { url = "https://files.pythonhosted.org/packages/62/f0/28ce96c8aa95cc1155cab4ba8be8dc35052b2b85b441d39763ed2ca390cc/hypothesis-6.165.1-pp311-pypy311_pp73-manylinux_2_17_aarch64.manylinux2014_aarch64.whl", hash = "sha256:02569a32a65da0b0a1fd27b24e94f9b3eef534f351d56c63036632e5d884cf89", size = 1102039, upload-time = "2026-08-04T21:00:30.606Z" },
    { url = "https://files.pythonhosted.org/packages/d8/ed/9d1fb1c006e175773d589d6af225a19df89519a82dbf3dedcca238d328d9/hypothesis-6.165.1-pp311-pypy311_pp73-manylinux_2_17_x86_64.manylinux2014_x86_64.whl", hash = "sha256:e904b427691743564f36f79d75f8698fa683d904c1e0a64b8a3907d27c688798", size = 1151774, upload-time = "2026-08-04T21:00:22.929Z" },
    { url = "https://files.pythonhosted.org/packages/55/1e/59c8e440e655beb92df54e2c743d8daa139ceaae3f8a9447d972d0db8384/hypothesis-6.165.1-pp311-pypy311_pp73-win_amd64.whl", hash = "sha256:2ee14e51fa732cbd026bbef25f48bfeb651eca8188742d1d36108d1dd6f65e95", size = 668692, upload-time = "2026-08-04T21:01:56.633Z" },
]

[[package]]
name = "iniconfig"
version = "2.3.0"
source = { registry = "https://pypi.org/simple" }
sdist = { url = "https://files.pythonhosted.org/packages/72/34/14ca021ce8e5dfedc35312d08ba8bf51fdd999c576889fc2c24cb97f4f10/iniconfig-2.3.0.tar.gz", hash = "sha256:c76315c77db068650d49c5b56314774a7804df16fee4402c1f19d6d15d8c4730", size = 20503, upload-time = "2025-10-18T21:55:43.219Z" }
wheels = [
    { url = "https://files.pythonhosted.org/packages/cb/b1/3846dd7f199d53cb17f49cba7e651e9ce294d8497c8c150530ed11865bb8/iniconfig-2.3.0-py3-none-any.whl", hash = "sha256:f631c04d2c48c52b84d0d0549c99ff3859c98df65b3101406327ecc7d53fbf12", size = 7484, upload-time = "2025-10-18T21:55:41.639Z" },
]

[[package]]
name = "packaging"
version = "26.3"
source = { registry = "https://pypi.org/simple" }
sdist = { url = "https://files.pythonhosted.org/packages/7d/fa/3944b40b07da9ce895c0e6303a5ab7d53da063554f534556b134a54d6093/packaging-26.3.tar.gz", hash = "sha256:94edc256424af38762eb31306eed28beb9f0efc50a8837492c9d6fd6004aed79", size = 313412, upload-time = "2026-08-04T18:15:28.737Z" }
wheels = [
    { url = "https://files.pythonhosted.org/packages/63/34/ba1c580383c9eada3711951fef0795c80b829a078d72188184bcab9dd527/packaging-26.3-py3-none-any.whl", hash = "sha256:d7193f7c8e4e93f444fde0262bf90af30e16fa0ad0ad44cb553c87339b23cd1c", size = 129956, upload-time = "2026-08-04T18:15:27.159Z" },
]

[[package]]
name = "pluggy"
version = "1.6.0"
source = { registry = "https://pypi.org/simple" }
sdist = { url = "https://files.pythonhosted.org/packages/f9/e2/3e91f31a7d2b083fe6ef3fa267035b518369d9511ffab804f839851d2779/pluggy-1.6.0.tar.gz", hash = "sha256:7dcc130b76258d33b90f61b658791dede3486c3e6bfb003ee5c9bfb396dd22f3", size = 69412, upload-time = "2025-05-15T12:30:07.975Z" }
wheels = [
    { url = "https://files.pythonhosted.org/packages/54/20/4d324d65cc6d9205fabedc306948156824eb9f0ee1633355a8f7ec5c66bf/pluggy-1.6.0-py3-none-any.whl", hash = "sha256:e920276dd6813095e9377c0bc5566d94c932c33b27a3e3945d8389c374dd4746", size = 20538, upload-time = "2025-05-15T12:30:06.134Z" },
]

[[package]]
name = "pygments"
version = "2.20.0"
source = { registry = "https://pypi.org/simple" }
sdist = { url = "https://files.pythonhosted.org/packages/c3/b2/bc9c9196916376152d655522fdcebac55e66de6603a76a02bca1b6414f6c/pygments-2.20.0.tar.gz", hash = "sha256:6757cd03768053ff99f3039c1a36d6c0aa0b263438fcab17520b30a303a82b5f", size = 4955991, upload-time = "2026-03-29T13:29:33.898Z" }
wheels = [
    { url = "https://files.pythonhosted.org/packages/f4/7e/a72dd26f3b0f4f2bf1dd8923c85f7ceb43172af56d63c7383eb62b332364/pygments-2.20.0-py3-none-any.whl", hash = "sha256:81a9e26dd42fd28a23a2d169d86d7ac03b46e2f8b59ed4698fb4785f946d0176", size = 1231151, upload-time = "2026-03-29T13:29:30.038Z" },
]

[[package]]
name = "pytest"
version = "9.1.1"
source = { registry = "https://pypi.org/simple" }
dependencies = [
    { name = "colorama", marker = "sys_platform == 'win32'" },
    { name = "iniconfig" },
    { name = "packaging" },
    { name = "pluggy" },
    { name = "pygments" },
]
sdist = { url = "https://files.pythonhosted.org/packages/e4/47/b9efed96c114afcfa3c9d3fe98a76a1d14c74a9e266d397cf6eb64be5e01/pytest-9.1.1.tar.gz", hash = "sha256:1088fbde8f2b49d95a549a195707afa7a76a3ce9bcadc26b6d71f0ffda5fe313", size = 1636369, upload-time = "2026-06-19T10:58:32.857Z" }
wheels = [
    { url = "https://files.pythonhosted.org/packages/24/25/1de2678b631f5a49215c6c96fff41ba892b0a34df68d6d80292b1b48aa7f/pytest-9.1.1-py3-none-any.whl", hash = "sha256:37a86b45efb9a47a61a36449063e8e18d0cab3161329fc099eb21783169c4f0c", size = 386536, upload-time = "2026-06-19T10:58:31.347Z" },
]

[[package]]
name = "pytest-asyncio"
version = "1.4.0"
source = { registry = "https://pypi.org/simple" }
dependencies = [
    { name = "pytest" },
    { name = "typing-extensions", marker = "python_full_version < '3.13'" },
]
sdist = { url = "https://files.pythonhosted.org/packages/43/7c/d36d04db312ecf4298932ef77e6e4a9e8ad017906e24e34f0b0c361a2473/pytest_asyncio-1.4.0.tar.gz", hash = "sha256:c6c0d2259945122819f171a32ecea2c349ead889ee28176caaf492143424be42", size = 58514, upload-time = "2026-05-26T09:56:04.083Z" }
wheels = [
    { url = "https://files.pythonhosted.org/packages/03/e2/08a497ef684b88559c9cc5f4ad53a37e7b99e727094a86d6ea32536d5d3c/pytest_asyncio-1.4.0-py3-none-any.whl", hash = "sha256:933ca923a23075a87fb7070c0ec272a6848489824d887c85c812670932835aa1", size = 16930, upload-time = "2026-05-26T09:56:02.576Z" },
]

[[package]]
name = "ruff"
version = "0.16.1"
source = { registry = "https://pypi.org/simple" }
sdist = { url = "https://files.pythonhosted.org/packages/70/25/7113f6d5498888c5fb7db34081cba7d5971c4cb1bfb26819966eee68f003/ruff-0.16.1.tar.gz", hash = "sha256:fedad7c801dabd3fb9741d76aca39246e6ddd9ca446a015875207bf19f1e6bc7", size = 4877500, upload-time = "2026-07-30T19:37:01.379Z" }
wheels = [
    { url = "https://files.pythonhosted.org/packages/1b/bd/694da69368e0973de65df2ddc73ab18d43c469d5963d9b150911de6bc513/ruff-0.16.1-py3-none-linux_armv6l.whl", hash = "sha256:58edb313b88f0c5460a26adf5f39a37a3be789494a15e3e411e35fa78b89f9a0", size = 10839126, upload-time = "2026-07-30T19:36:13.697Z" },
    { url = "https://files.pythonhosted.org/packages/3f/f0/b626e5d5bd0dd9576263658ef12885e2288afd1029a48e26ffed65ec1ac1/ruff-0.16.1-py3-none-macosx_10_12_x86_64.whl", hash = "sha256:fde5a99e2f97479af66edd6622c6d5a2a7592c77cf4153d9e4428f5eeb55b60c", size = 11070253, upload-time = "2026-07-30T19:36:17.14Z" },
    { url = "https://files.pythonhosted.org/packages/83/63/f40acfb6b35b88623e71684942b552c3edd96035f5d98f313815f7b277de/ruff-0.16.1-py3-none-macosx_11_0_arm64.whl", hash = "sha256:e0d4c20532fca4f7fa609369161d968dd28f65d83dabbd61d8e9c7edbf7001f6", size = 10561425, upload-time = "2026-07-30T19:36:20.04Z" },
    { url = "https://files.pythonhosted.org/packages/aa/dd/14ec0e9c2b4d315547dd38765004b4863e354e1b52cb308272215d9f6f6d/ruff-0.16.1-py3-none-manylinux_2_17_aarch64.manylinux2014_aarch64.whl", hash = "sha256:30affbcedf59ad5703d9c91f82266e02b47739f797e1a7b6e158e5526a6dae38", size = 10948879, upload-time = "2026-07-30T19:36:22.476Z" },
    { url = "https://files.pythonhosted.org/packages/33/e9/9d870cbae575030fdef595f04b4b97573c525b5497cce4f4498cf2f85446/ruff-0.16.1-py3-none-manylinux_2_17_armv7l.manylinux2014_armv7l.whl", hash = "sha256:24e9c631573cbca9d20f1283f8f479b2afa4a8503504822bd71a293889f16743", size = 10643691, upload-time = "2026-07-30T19:36:24.914Z" },
    { url = "https://files.pythonhosted.org/packages/c4/09/12743d544e2173f53ecd27217c65f90d2bc0f8424a66a60339e56bbc0457/ruff-0.16.1-py3-none-manylinux_2_17_i686.manylinux2014_i686.whl", hash = "sha256:b41bdd48fb420987a9b5212e4957c26ad4abce401fa9ea9d4d85843727945f4f", size = 11435354, upload-time = "2026-07-30T19:36:28.447Z" },
    { url = "https://files.pythonhosted.org/packages/7f/89/a1652b2daee52083c9554a6333b678a8b01d0400f976827bb87857f9449a/ruff-0.16.1-py3-none-manylinux_2_17_ppc64le.manylinux2014_ppc64le.whl", hash = "sha256:b0d1e1393b7648079e13669de1c1f4fde06d4583e84d8fd5c1551e0a77a2aa75", size = 12259033, upload-time = "2026-07-30T19:36:31.326Z" },
    { url = "https://files.pythonhosted.org/packages/16/96/ecdcb8c54ee7b123b487f807eb014e6e019155a0b81dfb669acd52f28ce3/ruff-0.16.1-py3-none-manylinux_2_17_s390x.manylinux2014_s390x.whl", hash = "sha256:07bf434b1c95f4e093be4532068ef4fcf00924eb2ade8796075980902d6fd54a", size = 11667981, upload-time = "2026-07-30T19:36:34.394Z" },
    { url = "https://files.pythonhosted.org/packages/cd/90/c52e12e0d862e9572f2a33aa227409143520abe53111e9a6babbac7b4af8/ruff-0.16.1-py3-none-manylinux_2_17_x86_64.manylinux2014_x86_64.whl", hash = "sha256:39897739f112253ee4fdd2e8aa9a4f9ded99fb2be367d5f31dfa4ded6025584c", size = 11468183, upload-time = "2026-07-30T19:36:37.339Z" },
    { url = "https://files.pythonhosted.org/packages/2c/6b/4ffb7ad1d83eb16cf8cbb3c8815d3f11c88460fd162d4b372a2059be1c2a/ruff-0.16.1-py3-none-manylinux_2_31_riscv64.whl", hash = "sha256:82ae3c0c0d74daf17b968a10b7b3bb3ef297ab7de0c1f749646b25e690ccb150", size = 11470071, upload-time = "2026-07-30T19:36:39.91Z" },
    { url = "https://files.pythonhosted.org/packages/9c/72/32ae7db4c0b5e32ab611787caa19d1546800676d79f7483b7100a3561bf4/ruff-0.16.1-py3-none-musllinux_1_2_aarch64.whl", hash = "sha256:4d5f2ed10f8242d83fc08d521301089364e3375375705356f20c0e31606ef3ef", size = 10919503, upload-time = "2026-07-30T19:36:42.65Z" },
    { url = "https://files.pythonhosted.org/packages/f7/ca/3d901ba6ad6fc38da39c3448fc6c59ac945679293a17c3ceb6d6c1cba13e/ruff-0.16.1-py3-none-musllinux_1_2_armv7l.whl", hash = "sha256:a4665b309891f83f3e3c25447935f1213e9abbd4b5640af7a1f2def9f8d413c1", size = 10649861, upload-time = "2026-07-30T19:36:45.18Z" },
    { url = "https://files.pythonhosted.org/packages/92/79/894ef1ced26552d5f8c9cf6d85b0687840e1128c55aeab7b9c2d54a0d880/ruff-0.16.1-py3-none-musllinux_1_2_i686.whl", hash = "sha256:26e9ca5c9bc3971f20d3cf18a957f52ffd6a5f6564ff15c4912a144dcac22494", size = 11148137, upload-time = "2026-07-30T19:36:47.936Z" },
    { url = "https://files.pythonhosted.org/packages/2d/69/3609a09fa1cb46cc28b762363e440a354204e5dff01bd0c8d7437874d6b9/ruff-0.16.1-py3-none-musllinux_1_2_x86_64.whl", hash = "sha256:67e1e1e3fa4f0c82f0e36d4cd61e661f6e7a6196cb1aa92fe0828fa7b8f257cd", size = 11559211, upload-time = "2026-07-30T19:36:50.448Z" },
    { url = "https://files.pythonhosted.org/packages/fc/8a/fb22af2fd78a736e241fabf67e30ce1799a64244026377a49e133af90762/ruff-0.16.1-py3-none-win32.whl", hash = "sha256:d31765e131295b8445caf301e3e8a85b34d1b9b211b4109b7ba457888b051806", size = 10838258, upload-time = "2026-07-30T19:36:53.298Z" },
    { url = "https://files.pythonhosted.org/packages/d4/35/e57fd9fb5d423961df087a00b12d42c0a830288dc2f3b45ecca299158b4f/ruff-0.16.1-py3-none-win_amd64.whl", hash = "sha256:09b05e8b90c2cb06ad63464350e7a45e8e44a2dfe52072ebfba6666ca8d3f596", size = 11961111, upload-time = "2026-07-30T19:36:56.107Z" },
    { url = "https://files.pythonhosted.org/packages/cb/46/240ea004bf6dc4feb40e9832f2205a476a47dd5b8a3f8211a5fc5f95e20e/ruff-0.16.1-py3-none-win_arm64.whl", hash = "sha256:dbaadaac38c70239f056d306b7476f246b0bf000fa6b3876402acbf5b227eaf8", size = 11309414, upload-time = "2026-07-30T19:36:58.79Z" },
]

[[package]]
name = "sortedcontainers"
version = "2.4.0"
source = { registry = "https://pypi.org/simple" }
sdist = { url = "https://files.pythonhosted.org/packages/e8/c4/ba2f8066cceb6f23394729afe52f3bf7adec04bf9ed2c820b39e19299111/sortedcontainers-2.4.0.tar.gz", hash = "sha256:25caa5a06cc30b6b83d11423433f65d1f9d76c4c6a0c90e3379eaa43b9bfdb88", size = 30594, upload-time = "2021-05-16T22:03:42.897Z" }
wheels = [
    { url = "https://files.pythonhosted.org/packages/32/46/9cb0e58b2deb7f82b84065f37f3bffeb12413f947f9388e4cac22c4621ce/sortedcontainers-2.4.0-py2.py3-none-any.whl", hash = "sha256:a163dcaede0f1c021485e957a39245190e74249897e2ae4b2aa38595db237ee0", size = 29575, upload-time = "2021-05-16T22:03:41.177Z" },
]

[[package]]
name = "typing-extensions"
version = "4.16.0"
source = { registry = "https://pypi.org/simple" }
sdist = { url = "https://files.pythonhosted.org/packages/f6/cc/6253133b5bb138fc3306cebfbda2c520f545d36b5be2c7255cc528bb45d6/typing_extensions-4.16.0.tar.gz", hash = "sha256:dc983d19a509c94dba722ee6abd33940f7c05a89e243c47e907eb4db6f1a43e5", size = 113555, upload-time = "2026-07-02T08:40:05.92Z" }
wheels = [
    { url = "https://files.pythonhosted.org/packages/49/d3/b8441a820a491ddfc024b0b0cf0393375b75ea13866d9c66727e54c2fc80/typing_extensions-4.16.0-py3-none-any.whl", hash = "sha256:481caa481374e813c1b176ada14e97f1f67a4539ce9cfeb3f350d78d6370c2e8", size = 45571, upload-time = "2026-07-02T08:40:04.659Z" },
]
